{
  "name": "lambda",
  "version": "1.0.0",
  "lockfileVersion": 1,
  "requires": true,
  "dependencies": {
    "@aws-cdk/assets": {
      "version": "1.118.0",
      "resolved": "https://registry.npmjs.org/@aws-cdk/assets/-/assets-1.118.0.tgz",
      "integrity": "sha512-v8j4rTCt1tFIhbs11drJ3SSzo57VftO6/PjRCcYg3i1RmrroIiBGZxtb3VRUXS+un5GqVMEbevu3PamIghxINw==",
      "requires": {
        "@aws-cdk/core": "1.118.0",
        "@aws-cdk/cx-api": "1.118.0",
        "constructs": "^3.3.69"
      }
    },
    "@aws-cdk/aws-applicationautoscaling": {
      "version": "1.118.0",
      "resolved": "https://registry.npmjs.org/@aws-cdk/aws-applicationautoscaling/-/aws-applicationautoscaling-1.118.0.tgz",
      "integrity": "sha512-ltaQHzLzhozT8IE0VLfzVdui1zWJpr5aBNZWKTiXldiHL174YrOMm6GZYvuFl3SdS7YYD4iUQEl9P9ElkxSJwA==",
      "requires": {
        "@aws-cdk/aws-autoscaling-common": "1.118.0",
        "@aws-cdk/aws-cloudwatch": "1.118.0",
        "@aws-cdk/aws-iam": "1.118.0",
        "@aws-cdk/core": "1.118.0",
        "constructs": "^3.3.69"
      }
    },
    "@aws-cdk/aws-autoscaling-common": {
      "version": "1.118.0",
      "resolved": "https://registry.npmjs.org/@aws-cdk/aws-autoscaling-common/-/aws-autoscaling-common-1.118.0.tgz",
      "integrity": "sha512-2mtoj4g7B3/6nYecjRk/qgvkdfhkDy4VMb7OLa6cJCwCEMwbGvJx3y6bLOcmWhX6JGwXmuKSVycxksXpdsS7Zg==",
      "requires": {
        "@aws-cdk/aws-iam": "1.118.0",
        "@aws-cdk/core": "1.118.0",
        "constructs": "^3.3.69"
      }
    },
    "@aws-cdk/aws-cloudwatch": {
      "version": "1.118.0",
      "resolved": "https://registry.npmjs.org/@aws-cdk/aws-cloudwatch/-/aws-cloudwatch-1.118.0.tgz",
      "integrity": "sha512-VyrhQTVN0oEpjqs6SNvf/UzvQGWlDwJVyH8NGf6sFhtWMtgryHdTvM4UKp5o+a4DRicZjoAfZgG8VOqytcEMVg==",
      "requires": {
        "@aws-cdk/aws-iam": "1.118.0",
        "@aws-cdk/core": "1.118.0",
        "constructs": "^3.3.69"
      }
    },
    "@aws-cdk/aws-codeguruprofiler": {
      "version": "1.118.0",
      "resolved": "https://registry.npmjs.org/@aws-cdk/aws-codeguruprofiler/-/aws-codeguruprofiler-1.118.0.tgz",
      "integrity": "sha512-bcq7f2n4ffIhYEjF02OhVqqmrdxTfZs/PsN68lMvd7my/cek9u0OcvY0l67VHwc9tnOYblUHCkaKGzyKfQou5A==",
      "requires": {
        "@aws-cdk/aws-iam": "1.118.0",
        "@aws-cdk/core": "1.118.0",
        "constructs": "^3.3.69"
      }
    },
    "@aws-cdk/aws-ec2": {
      "version": "1.118.0",
      "resolved": "https://registry.npmjs.org/@aws-cdk/aws-ec2/-/aws-ec2-1.118.0.tgz",
      "integrity": "sha512-0QMvYZFZFPmOi2OipMzpuYbKZtli7H15p+kZtHu2p/q9c5+GVPLRoHd0DjEf52sX8pAlkWgzht+4J5myh/Xhmw==",
      "requires": {
        "@aws-cdk/aws-cloudwatch": "1.118.0",
        "@aws-cdk/aws-iam": "1.118.0",
        "@aws-cdk/aws-kms": "1.118.0",
        "@aws-cdk/aws-logs": "1.118.0",
        "@aws-cdk/aws-s3": "1.118.0",
        "@aws-cdk/aws-s3-assets": "1.118.0",
        "@aws-cdk/aws-ssm": "1.118.0",
        "@aws-cdk/cloud-assembly-schema": "1.118.0",
        "@aws-cdk/core": "1.118.0",
        "@aws-cdk/cx-api": "1.118.0",
        "@aws-cdk/region-info": "1.118.0",
        "constructs": "^3.3.69"
      }
    },
    "@aws-cdk/aws-ecr": {
      "version": "1.118.0",
      "resolved": "https://registry.npmjs.org/@aws-cdk/aws-ecr/-/aws-ecr-1.118.0.tgz",
      "integrity": "sha512-pxQ3vYG+mgB7v8luAxaWmZcy9marWvhWctzbPIwVUKlBly4I3ZL4PGUrx9sdjvDa/FQrBCMdoY8V6ZjDjDN5Dw==",
      "requires": {
        "@aws-cdk/aws-events": "1.118.0",
        "@aws-cdk/aws-iam": "1.118.0",
        "@aws-cdk/core": "1.118.0",
        "constructs": "^3.3.69"
      }
    },
    "@aws-cdk/aws-ecr-assets": {
      "version": "1.118.0",
      "resolved": "https://registry.npmjs.org/@aws-cdk/aws-ecr-assets/-/aws-ecr-assets-1.118.0.tgz",
      "integrity": "sha512-2d4CGrduSnSdHJ1QzNYwt82jMBOr7ZbqbedMEsNHWoJAFG26Wi3t4k7Jx+mWUoy4VnvQwq4BlKYI1UrVdQf5/w==",
      "requires": {
        "@aws-cdk/assets": "1.118.0",
        "@aws-cdk/aws-ecr": "1.118.0",
        "@aws-cdk/aws-iam": "1.118.0",
        "@aws-cdk/aws-s3": "1.118.0",
        "@aws-cdk/core": "1.118.0",
        "@aws-cdk/cx-api": "1.118.0",
        "constructs": "^3.3.69",
        "minimatch": "^3.0.4"
      },
      "dependencies": {
        "balanced-match": {
          "version": "1.0.2",
          "bundled": true
        },
        "brace-expansion": {
          "version": "1.1.11",
          "bundled": true,
          "requires": {
            "balanced-match": "^1.0.0",
            "concat-map": "0.0.1"
          }
        },
        "concat-map": {
          "version": "0.0.1",
          "bundled": true
        },
        "minimatch": {
          "version": "3.0.4",
          "bundled": true,
          "requires": {
            "brace-expansion": "^1.1.7"
          }
        }
      }
    },
    "@aws-cdk/aws-efs": {
      "version": "1.118.0",
      "resolved": "https://registry.npmjs.org/@aws-cdk/aws-efs/-/aws-efs-1.118.0.tgz",
      "integrity": "sha512-ej+Z8LkwS8bAkv4GhhnbJ4s9WD7bt8OjQx300cbV4cPM+IOJviFkt4RJXp6/jbLF6iq1KxT6m+8CNQVoRqsu4Q==",
      "requires": {
        "@aws-cdk/aws-ec2": "1.118.0",
        "@aws-cdk/aws-iam": "1.118.0",
        "@aws-cdk/aws-kms": "1.118.0",
        "@aws-cdk/cloud-assembly-schema": "1.118.0",
        "@aws-cdk/core": "1.118.0",
        "@aws-cdk/cx-api": "1.118.0",
        "constructs": "^3.3.69"
      }
    },
    "@aws-cdk/aws-events": {
      "version": "1.118.0",
      "resolved": "https://registry.npmjs.org/@aws-cdk/aws-events/-/aws-events-1.118.0.tgz",
      "integrity": "sha512-4/D4+BAYRXFBQ1XIHwDGf2Yn27lLTNeK/K57HGYZRiTEDqthwIPQP+bvUV3jJ246Yd6QUKYWbUMN0xbq6EkLHQ==",
      "requires": {
        "@aws-cdk/aws-iam": "1.118.0",
        "@aws-cdk/core": "1.118.0",
        "constructs": "^3.3.69"
      }
    },
    "@aws-cdk/aws-iam": {
      "version": "1.118.0",
      "resolved": "https://registry.npmjs.org/@aws-cdk/aws-iam/-/aws-iam-1.118.0.tgz",
      "integrity": "sha512-1AhnGWclYnZmuO/A5EY37atd/xYssC0EB/wzxQz/nwsSoKIKguTmNoK7ZWY/b2UJyqWFSSQII7DCVDT3P583jQ==",
      "requires": {
        "@aws-cdk/core": "1.118.0",
        "@aws-cdk/region-info": "1.118.0",
        "constructs": "^3.3.69"
      }
    },
    "@aws-cdk/aws-kms": {
      "version": "1.118.0",
      "resolved": "https://registry.npmjs.org/@aws-cdk/aws-kms/-/aws-kms-1.118.0.tgz",
      "integrity": "sha512-BrtkooxyKUDCQPPI8uheS/RYgBGNB6Dtoneky7DviotMcgLBgl7emHzi9K6H4p/ZjQqTpRqY0KGjximmS1BMjw==",
      "requires": {
        "@aws-cdk/aws-iam": "1.118.0",
        "@aws-cdk/core": "1.118.0",
        "@aws-cdk/cx-api": "1.118.0",
        "constructs": "^3.3.69"
      }
    },
    "@aws-cdk/aws-lambda": {
      "version": "1.118.0",
      "resolved": "https://registry.npmjs.org/@aws-cdk/aws-lambda/-/aws-lambda-1.118.0.tgz",
      "integrity": "sha512-OfxFdRG3wVFSWfCktc0oHx7CnVOG+HUvA6QStrMWnlEBHE8aRR6zFSUK11CbuDe8/bLrJqs9N5QvOLWk7j2kRA==",
      "requires": {
        "@aws-cdk/aws-applicationautoscaling": "1.118.0",
        "@aws-cdk/aws-cloudwatch": "1.118.0",
        "@aws-cdk/aws-codeguruprofiler": "1.118.0",
        "@aws-cdk/aws-ec2": "1.118.0",
        "@aws-cdk/aws-ecr": "1.118.0",
        "@aws-cdk/aws-ecr-assets": "1.118.0",
        "@aws-cdk/aws-efs": "1.118.0",
        "@aws-cdk/aws-events": "1.118.0",
        "@aws-cdk/aws-iam": "1.118.0",
        "@aws-cdk/aws-kms": "1.118.0",
        "@aws-cdk/aws-logs": "1.118.0",
        "@aws-cdk/aws-s3": "1.118.0",
        "@aws-cdk/aws-s3-assets": "1.118.0",
        "@aws-cdk/aws-signer": "1.118.0",
        "@aws-cdk/aws-sqs": "1.118.0",
        "@aws-cdk/core": "1.118.0",
        "@aws-cdk/cx-api": "1.118.0",
        "@aws-cdk/region-info": "1.118.0",
        "constructs": "^3.3.69"
      }
    },
    "@aws-cdk/aws-logs": {
      "version": "1.118.0",
      "resolved": "https://registry.npmjs.org/@aws-cdk/aws-logs/-/aws-logs-1.118.0.tgz",
      "integrity": "sha512-lkmL49Z+p0uv2dSJvOoOteW917G/rq3AdG8DSG9uNu5A4YJBRhNZLmdddtCkwt6agS6/06k+NKt07qrro3vLZw==",
      "requires": {
        "@aws-cdk/aws-cloudwatch": "1.118.0",
        "@aws-cdk/aws-iam": "1.118.0",
        "@aws-cdk/aws-kms": "1.118.0",
        "@aws-cdk/aws-s3-assets": "1.118.0",
        "@aws-cdk/core": "1.118.0",
        "constructs": "^3.3.69"
      }
    },
    "@aws-cdk/aws-s3": {
      "version": "1.118.0",
      "resolved": "https://registry.npmjs.org/@aws-cdk/aws-s3/-/aws-s3-1.118.0.tgz",
      "integrity": "sha512-fjhqb+d0uCsJtByKRFU/If2mg3qTqEfKfbamhDfmPyeDGxUoaJnAh5CNv1cSE5otdOeQGKozhCqlK45eK2FrPg==",
      "requires": {
        "@aws-cdk/aws-events": "1.118.0",
        "@aws-cdk/aws-iam": "1.118.0",
        "@aws-cdk/aws-kms": "1.118.0",
        "@aws-cdk/core": "1.118.0",
        "@aws-cdk/cx-api": "1.118.0",
        "constructs": "^3.3.69"
      }
    },
    "@aws-cdk/aws-s3-assets": {
      "version": "1.118.0",
      "resolved": "https://registry.npmjs.org/@aws-cdk/aws-s3-assets/-/aws-s3-assets-1.118.0.tgz",
      "integrity": "sha512-E4Oa5YEsusZBSzdnFtHNeJbGALCvMxfm1tBVxqYhvt6+e61eCc12m3fsCkwwaye1fGTQmYaTr1l4Ft9/psXnPQ==",
      "requires": {
        "@aws-cdk/assets": "1.118.0",
        "@aws-cdk/aws-iam": "1.118.0",
        "@aws-cdk/aws-kms": "1.118.0",
        "@aws-cdk/aws-s3": "1.118.0",
        "@aws-cdk/core": "1.118.0",
        "@aws-cdk/cx-api": "1.118.0",
        "constructs": "^3.3.69"
      }
    },
    "@aws-cdk/aws-sam": {
      "version": "1.118.0",
      "resolved": "https://registry.npmjs.org/@aws-cdk/aws-sam/-/aws-sam-1.118.0.tgz",
      "integrity": "sha512-orpfKrJcuLbnUWG9h49r77FH1HYVVmjnW1aqox/mVUYfNsWA0aS8ELPSN/cB43IKEYA97o1m9fkIXonr4XIolA==",
      "requires": {
        "@aws-cdk/core": "1.118.0",
        "constructs": "^3.3.69"
      }
    },
    "@aws-cdk/aws-secretsmanager": {
      "version": "1.118.0",
      "resolved": "https://registry.npmjs.org/@aws-cdk/aws-secretsmanager/-/aws-secretsmanager-1.118.0.tgz",
      "integrity": "sha512-QBr/1aj30OlApiYbZ+SypBshx/jWixOcOC0eNdhGuNot1YuvpOSPAAnvbS/EbtNpkkiw14+hKWo8im4/564Hmg==",
      "requires": {
        "@aws-cdk/aws-ec2": "1.118.0",
        "@aws-cdk/aws-iam": "1.118.0",
        "@aws-cdk/aws-kms": "1.118.0",
        "@aws-cdk/aws-lambda": "1.118.0",
        "@aws-cdk/aws-sam": "1.118.0",
        "@aws-cdk/core": "1.118.0",
        "@aws-cdk/cx-api": "1.118.0",
        "constructs": "^3.3.69"
      }
    },
    "@aws-cdk/aws-signer": {
      "version": "1.118.0",
      "resolved": "https://registry.npmjs.org/@aws-cdk/aws-signer/-/aws-signer-1.118.0.tgz",
      "integrity": "sha512-0rZTTRbNzpBBhb8xTQeHXQgRGhcJeYCvUsxb2rOElRW0mlCD0//QdtG5QhMi+3BrYe5Lu6BAPZBgBh+Sd1o6Bw==",
      "requires": {
        "@aws-cdk/core": "1.118.0",
        "constructs": "^3.3.69"
      }
    },
    "@aws-cdk/aws-sqs": {
      "version": "1.118.0",
      "resolved": "https://registry.npmjs.org/@aws-cdk/aws-sqs/-/aws-sqs-1.118.0.tgz",
      "integrity": "sha512-4QPA/kNS73L5si3t3P42V7ctDp1fOzKPluF8MSD9Bgvkb2k5HBTpW/KjTONNrJaMSBUE01uZ+cPkIwgnNSf2dA==",
      "requires": {
        "@aws-cdk/aws-cloudwatch": "1.118.0",
        "@aws-cdk/aws-iam": "1.118.0",
        "@aws-cdk/aws-kms": "1.118.0",
        "@aws-cdk/core": "1.118.0",
        "constructs": "^3.3.69"
      }
    },
    "@aws-cdk/aws-ssm": {
      "version": "1.118.0",
      "resolved": "https://registry.npmjs.org/@aws-cdk/aws-ssm/-/aws-ssm-1.118.0.tgz",
      "integrity": "sha512-AUoCWjvCrWpF0K4pE2JHmb/ktr6W3u01OcGs8N5gPBlhXU8kBci4GJ0jH6T3TQ8RMZzNoNEJmrM/sw1jY7h1Cw==",
      "requires": {
        "@aws-cdk/aws-iam": "1.118.0",
        "@aws-cdk/aws-kms": "1.118.0",
        "@aws-cdk/cloud-assembly-schema": "1.118.0",
        "@aws-cdk/core": "1.118.0",
        "constructs": "^3.3.69"
      }
    },
    "@aws-cdk/cloud-assembly-schema": {
      "version": "1.118.0",
      "resolved": "https://registry.npmjs.org/@aws-cdk/cloud-assembly-schema/-/cloud-assembly-schema-1.118.0.tgz",
      "integrity": "sha512-Bmxftbl/SScafJJio2+hQiNdPqvydouzqGtW9xdtL0/T8m5pi7nmV4PG+wCafPGEJA66A56b5CGk/svL/CSj4g==",
      "requires": {
        "jsonschema": "^1.4.0",
        "semver": "^7.3.5"
      },
      "dependencies": {
        "jsonschema": {
          "version": "1.4.0",
          "bundled": true
        },
        "lru-cache": {
          "version": "6.0.0",
          "bundled": true,
          "requires": {
            "yallist": "^4.0.0"
          }
        },
        "semver": {
          "version": "7.3.5",
          "bundled": true,
          "requires": {
            "lru-cache": "^6.0.0"
          }
        },
        "yallist": {
          "version": "4.0.0",
          "bundled": true
        }
      }
    },
    "@aws-cdk/core": {
      "version": "1.118.0",
      "resolved": "https://registry.npmjs.org/@aws-cdk/core/-/core-1.118.0.tgz",
      "integrity": "sha512-AYUMUn2S05YrbpBkd7YfwzAT0zCAUdLFq1KUpg9y/pWpqGX883/JSQmT6ygoXxE5gVCaziUxpFxToFWE96SE/g==",
      "requires": {
        "@aws-cdk/cloud-assembly-schema": "1.118.0",
        "@aws-cdk/cx-api": "1.118.0",
        "@aws-cdk/region-info": "1.118.0",
        "@balena/dockerignore": "^1.0.2",
        "constructs": "^3.3.69",
        "fs-extra": "^9.1.0",
        "ignore": "^5.1.8",
        "minimatch": "^3.0.4"
      },
      "dependencies": {
        "@balena/dockerignore": {
          "version": "1.0.2",
          "bundled": true
        },
        "at-least-node": {
          "version": "1.0.0",
          "bundled": true
        },
        "balanced-match": {
          "version": "1.0.2",
          "bundled": true
        },
        "brace-expansion": {
          "version": "1.1.11",
          "bundled": true,
          "requires": {
            "balanced-match": "^1.0.0",
            "concat-map": "0.0.1"
          }
        },
        "concat-map": {
          "version": "0.0.1",
          "bundled": true
        },
        "fs-extra": {
          "version": "9.1.0",
          "bundled": true,
          "requires": {
            "at-least-node": "^1.0.0",
            "graceful-fs": "^4.2.0",
            "jsonfile": "^6.0.1",
            "universalify": "^2.0.0"
          }
        },
        "graceful-fs": {
          "version": "4.2.6",
          "bundled": true
        },
        "ignore": {
          "version": "5.1.8",
          "bundled": true
        },
        "jsonfile": {
          "version": "6.1.0",
          "bundled": true,
          "requires": {
            "graceful-fs": "^4.1.6",
            "universalify": "^2.0.0"
          }
        },
        "minimatch": {
          "version": "3.0.4",
          "bundled": true,
          "requires": {
            "brace-expansion": "^1.1.7"
          }
        },
        "universalify": {
          "version": "2.0.0",
          "bundled": true
        }
      }
    },
    "@aws-cdk/cx-api": {
      "version": "1.118.0",
      "resolved": "https://registry.npmjs.org/@aws-cdk/cx-api/-/cx-api-1.118.0.tgz",
      "integrity": "sha512-pNeuxHPmJjUvLIr89J4uMt8c2JkiuclgZ1JBilot+dFD8GAb0RhxhtfSnA3scOB/Lnnd0Qf4UQhKsd5vqEdqAA==",
      "requires": {
        "@aws-cdk/cloud-assembly-schema": "1.118.0",
        "semver": "^7.3.5"
      },
      "dependencies": {
        "lru-cache": {
          "version": "6.0.0",
          "bundled": true,
          "requires": {
            "yallist": "^4.0.0"
          }
        },
        "semver": {
          "version": "7.3.5",
          "bundled": true,
          "requires": {
            "lru-cache": "^6.0.0"
          }
        },
        "yallist": {
          "version": "4.0.0",
          "bundled": true
        }
      }
    },
    "@aws-cdk/region-info": {
      "version": "1.118.0",
      "resolved": "https://registry.npmjs.org/@aws-cdk/region-info/-/region-info-1.118.0.tgz",
      "integrity": "sha512-7hudA/zfCsDw0DIDu/Cc4+UJjW6aC0y4Mp7AmxlxkziXIEZi3KvSXwR2IBmKV+pSWMvMZYTiPJIgLLqB+moFgQ=="
    },
    "@types/mysql": {
      "version": "2.15.19",
      "resolved": "https://registry.npmjs.org/@types/mysql/-/mysql-2.15.19.tgz",
      "integrity": "sha512-wSRg2QZv14CWcZXkgdvHbbV2ACufNy5EgI8mBBxnJIptchv7DBy/h53VMa2jDhyo0C9MO4iowE6z9vF8Ja1DkQ==",
      "requires": {
        "@types/node": "*"
      }
    },
    "@types/node": {
      "version": "16.6.1",
      "resolved": "https://registry.npmjs.org/@types/node/-/node-16.6.1.tgz",
      "integrity": "sha512-Sr7BhXEAer9xyGuCN3Ek9eg9xPviCF2gfu9kTfuU2HkTVAMYSDeX40fvpmo72n5nansg3nsBjuQBrsS28r+NUw=="
    },
    "bignumber.js": {
      "version": "9.0.0",
      "resolved": "https://registry.npmjs.org/bignumber.js/-/bignumber.js-9.0.0.tgz",
      "integrity": "sha512-t/OYhhJ2SD+YGBQcjY8GzzDHEk9f3nerxjtfa6tlMXfe7frs/WozhvCNoGvpM0P3bNf3Gq5ZRMlGr5f3r4/N8A=="
    },
    "constructs": {
      "version": "3.3.124",
      "resolved": "https://registry.npmjs.org/constructs/-/constructs-3.3.124.tgz",
      "integrity": "sha512-Jj/I48WUvCUudNOJYslOXCFgPK+rg8x0JQdUpfUHh1YA2/uE9LheTHgm+yMg9BGlrfgulAUIc8bg3eUJlVNK0g=="
    },
    "core-util-is": {
      "version": "1.0.2",
      "resolved": "https://registry.npmjs.org/core-util-is/-/core-util-is-1.0.2.tgz",
      "integrity": "sha1-tf1UIgqivFq1eqtxQMlAdUUDwac="
    },
    "inherits": {
      "version": "2.0.4",
      "resolved": "https://registry.npmjs.org/inherits/-/inherits-2.0.4.tgz",
      "integrity": "sha512-k/vGaX4/Yla3WzyMCvTQOXYeIHvqOKtnqBduzTHpzpQZzAskKMhZ2K+EnBiSM9zGSoIFeMpXKxa4dYeZIQqewQ=="
    },
    "isarray": {
      "version": "1.0.0",
      "resolved": "https://registry.npmjs.org/isarray/-/isarray-1.0.0.tgz",
      "integrity": "sha1-u5NdSFgsuhaMBoNJV6VKPgcSTxE="
    },
    "mysql": {
      "version": "2.18.1",
      "resolved": "https://registry.npmjs.org/mysql/-/mysql-2.18.1.tgz",
      "integrity": "sha512-Bca+gk2YWmqp2Uf6k5NFEurwY/0td0cpebAucFpY/3jhrwrVGuxU2uQFCHjU19SJfje0yQvi+rVWdq78hR5lig==",
      "requires": {
        "bignumber.js": "9.0.0",
        "readable-stream": "2.3.7",
        "safe-buffer": "5.1.2",
        "sqlstring": "2.3.1"
      }
    },
    "process-nextick-args": {
      "version": "2.0.1",
      "resolved": "https://registry.npmjs.org/process-nextick-args/-/process-nextick-args-2.0.1.tgz",
      "integrity": "sha512-3ouUOpQhtgrbOa17J7+uxOTpITYWaGP7/AhoR3+A+/1e9skrzelGi/dXzEYyvbxubEF6Wn2ypscTKiKJFFn1ag=="
    },
    "readable-stream": {
      "version": "2.3.7",
      "resolved": "https://registry.npmjs.org/readable-stream/-/readable-stream-2.3.7.tgz",
      "integrity": "sha512-Ebho8K4jIbHAxnuxi7o42OrZgF/ZTNcsZj6nRKyUmkhLFq8CHItp/fy6hQZuZmP/n3yZ9VBUbp4zz/mX8hmYPw==",
      "requires": {
        "core-util-is": "~1.0.0",
        "inherits": "~2.0.3",
        "isarray": "~1.0.0",
        "process-nextick-args": "~2.0.0",
        "safe-buffer": "~5.1.1",
        "string_decoder": "~1.1.1",
        "util-deprecate": "~1.0.1"
      }
    },
    "safe-buffer": {
      "version": "5.1.2",
      "resolved": "https://registry.npmjs.org/safe-buffer/-/safe-buffer-5.1.2.tgz",
      "integrity": "sha512-Gd2UZBJDkXlY7GbJxfsE8/nvKkUEU1G38c1siN6QP6a9PT9MmHB8GnpscSmMJSoF8LOIrt8ud/wPtojys4G6+g=="
    },
    "serverless-mysql": {
      "version": "1.5.4",
      "resolved": "https://registry.npmjs.org/serverless-mysql/-/serverless-mysql-1.5.4.tgz",
      "integrity": "sha512-q7hJh8NivO2g4CcZ7wy3KTctsFpqx/P4zrVJTwsJJoV9v9QouGv0IFLKXW0rkOqbHSQRvth/eTbf7noYBJzPiQ==",
      "requires": {
        "@types/mysql": "^2.15.6",
        "mysql": "^2.18.1"
      }
    },
    "sqlstring": {
      "version": "2.3.1",
      "resolved": "https://registry.npmjs.org/sqlstring/-/sqlstring-2.3.1.tgz",
      "integrity": "sha1-R1OT/56RR5rqYtyvDKPRSYOn+0A="
    },
    "string_decoder": {
      "version": "1.1.1",
      "resolved": "https://registry.npmjs.org/string_decoder/-/string_decoder-1.1.1.tgz",
      "integrity": "sha512-n/ShnvDi6FHbbVfviro+WojiFzv+s8MPMHBczVePfUpDJLwoLT0ht1l4YwBCbi8pJAveEEdnkHyPyTP/mzRfwg==",
      "requires": {
        "safe-buffer": "~5.1.0"
      }
    },
    "util-deprecate": {
      "version": "1.0.2",
      "resolved": "https://registry.npmjs.org/util-deprecate/-/util-deprecate-1.0.2.tgz",
      "integrity": "sha1-RQ1Nyfpw3nMnYvvS1KKJgUGaDM8="
    }
  }
}
